// !$*UTF8*$!
{
	archiveVersion = 1;
	classes = {
	};
	objectVersion = 56;
	objects = {

/* Begin PBXFileReference section */
		909D54272D40152800AC3380 /* index.html */ = {isa = PBXFileReference; lastKnownFileType = text.html; path = index.html; sourceTree = "<group>"; };
		909D54282D40153600AC3380 /* style.css */ = {isa = PBXFileReference; lastKnownFileType = text.css; path = style.css; sourceTree = "<group>"; };
		909D54292D40154400AC3380 /* mediaqueries.css */ = {isa = PBXFileReference; lastKnownFileType = text.css; path = mediaqueries.css; sourceTree = "<group>"; };
		909D542A2D40154F00AC3380 /* script.js */ = {isa = PBXFileReference; lastKnownFileType = sourcecode.javascript; path = script.js; sourceTree = "<group>"; };
		909D543B2D4029C100AC3380 /* linkedin.png */ = {isa = PBXFileReference; lastKnownFileType = image.png; path = linkedin.png; sourceTree = "<group>"; };
		909D543C2D4029C100AC3380 /* profile-pic-2.png */ = {isa = PBXFileReference; lastKnownFileType = image.png; path = "profile-pic-2.png"; sourceTree = "<group>"; };
		909D543D2D4029C100AC3380 /* profile-pic.png */ = {isa = PBXFileReference; lastKnownFileType = image.png; path = "profile-pic.png"; sourceTree = "<group>"; };
		909D543E2D4029C100AC3380 /* email.png */ = {isa = PBXFileReference; lastKnownFileType = image.png; path = email.png; sourceTree = "<group>"; };
		909D543F2D4029C100AC3380 /* project-1.png */ = {isa = PBXFileReference; lastKnownFileType = image.png; path = "project-1.png"; sourceTree = "<group>"; };
		909D54402D4029C100AC3380 /* arrow.png */ = {isa = PBXFileReference; lastKnownFileType = image.png; path = arrow.png; sourceTree = "<group>"; };
		909D54412D4029C100AC3380 /* github.png */ = {isa = PBXFileReference; lastKnownFileType = image.png; path = github.png; sourceTree = "<group>"; };
		909D54422D4029C100AC3380 /* about-pic.png */ = {isa = PBXFileReference; lastKnownFileType = image.png; path = "about-pic.png"; sourceTree = "<group>"; };
		909D54432D4029C100AC3380 /* project-3.png */ = {isa = PBXFileReference; lastKnownFileType = image.png; path = "project-3.png"; sourceTree = "<group>"; };
		909D54442D4029C100AC3380 /* education.png */ = {isa = PBXFileReference; lastKnownFileType = image.png; path = education.png; sourceTree = "<group>"; };
		909D54452D4029C100AC3380 /* project-2.png */ = {isa = PBXFileReference; lastKnownFileType = image.png; path = "project-2.png"; sourceTree = "<group>"; };
		909D54462D4029C100AC3380 /* checkmark.png */ = {isa = PBXFileReference; lastKnownFileType = image.png; path = checkmark.png; sourceTree = "<group>"; };
		909D54482D4029C100AC3380 /* experience.png */ = {isa = PBXFileReference; lastKnownFileType = image.png; path = experience.png; sourceTree = "<group>"; };
		909D54492D4029F400AC3380 /* resume.pdf */ = {isa = PBXFileReference; lastKnownFileType = image.pdf; path = resume.pdf; sourceTree = "<group>"; };
/* End PBXFileReference section */

/* Begin PBXGroup section */
		909D54202D4014DA00AC3380 = {
			isa = PBXGroup;
			children = (
				909D542B2D40155300AC3380 /* assets */,
				909D542A2D40154F00AC3380 /* script.js */,
				909D54292D40154400AC3380 /* mediaqueries.css */,
				909D54282D40153600AC3380 /* style.css */,
				909D54272D40152800AC3380 /* index.html */,
			);
			sourceTree = "<group>";
		};
		909D542B2D40155300AC3380 /* assets */ = {
			isa = PBXGroup;
			children = (
				909D54422D4029C100AC3380 /* about-pic.png */,
				909D54402D4029C100AC3380 /* arrow.png */,
				909D54462D4029C100AC3380 /* checkmark.png */,
				909D54442D4029C100AC3380 /* education.png */,
				909D543E2D4029C100AC3380 /* email.png */,
				909D54482D4029C100AC3380 /* experience.png */,
				909D54412D4029C100AC3380 /* github.png */,
				909D543B2D4029C100AC3380 /* linkedin.png */,
				909D543C2D4029C100AC3380 /* profile-pic-2.png */,
				909D543D2D4029C100AC3380 /* profile-pic.png */,
				909D543F2D4029C100AC3380 /* project-1.png */,
				909D54452D4029C100AC3380 /* project-2.png */,
				909D54432D4029C100AC3380 /* project-3.png */,
				909D54492D4029F400AC3380 /* resume.pdf */,
			);
			path = assets;
			sourceTree = "<group>";
		};
/* End PBXGroup section */

/* Begin PBXProject section */
		909D54212D4014DA00AC3380 /* Project object */ = {
			isa = PBXProject;
			attributes = {
				BuildIndependentTargetsInParallel = 1;
				LastUpgradeCheck = 1520;
			};
			buildConfigurationList = 909D54242D4014DA00AC3380 /* Build configuration list for PBXProject "Portfolio-Website" */;
			compatibilityVersion = "Xcode 14.0";
			developmentRegion = en;
			hasScannedForEncodings = 0;
			knownRegions = (
				en,
				Base,
			);
			mainGroup = 909D54202D4014DA00AC3380;
			projectDirPath = "";
			projectRoot = "";
			targets = (
			);
		};
/* End PBXProject section */

/* Begin XCBuildConfiguration section */
		909D54252D4014DA00AC3380 /* Debug */ = {
			isa = XCBuildConfiguration;
			buildSettings = {
			};
			name = Debug;
		};
		909D54262D4014DA00AC3380 /* Release */ = {
			isa = XCBuildConfiguration;
			buildSettings = {
			};
			name = Release;
		};
/* End XCBuildConfiguration section */

/* Begin XCConfigurationList section */
		909D54242D4014DA00AC3380 /* Build configuration list for PBXProject "Portfolio-Website" */ = {
			isa = XCConfigurationList;
			buildConfigurations = (
				909D54252D4014DA00AC3380 /* Debug */,
				909D54262D4014DA00AC3380 /* Release */,
			);
			defaultConfigurationIsVisible = 0;
			defaultConfigurationName = Release;
		};
/* End XCConfigurationList section */
	};
	rootObject = 909D54212D4014DA00AC3380 /* Project object */;
}
